[root]
name = "assign-server"
version = "0.1.0"
dependencies = [
 "json 0.11.6 (registry+https://github.com/rust-lang/crates.io-index)",
 "urlparse 0.7.3 (registry+https://github.com/rust-lang/crates.io-index)",
]

[[package]]
name = "json"
version = "0.11.6"
source = "registry+https://github.com/rust-lang/crates.io-index"

[[package]]
name = "urlparse"
version = "0.7.3"
source = "registry+https://github.com/rust-lang/crates.io-index"

[metadata]
"checksum json 0.11.6 (registry+https://github.com/rust-lang/crates.io-index)" = "27600e8bb3b71bcc6213fb36b66b8dce60adc17a624257687ef5d1d4facafba7"
"checksum urlparse 0.7.3 (registry+https://github.com/rust-lang/crates.io-index)" = "110352d4e9076c67839003c7788d8604e24dcded13e0b375af3efaa8cf468517"
